
Microsoft Visual Studio Solution File, Format Version 12.00
# Visual Studio Version 17
VisualStudioVersion = 17.3.32929.385
MinimumVisualStudioVersion = 10.0.40219.1
Project("{FAE04EC0-301F-11D3-BF4B-00C04F79EFBC}") = "hotelio", "hotelio.csproj", "{13BA22DF-E0F9-4ADF-8804-E0E1DD9DEC1E}"
EndProject
Global
	GlobalSection(SolutionConfigurationPlatforms) = preSolution
		Debug|Any CPU = Debug|Any CPU
		Release|Any CPU = Release|Any CPU
	EndGlobalSection
	GlobalSection(ProjectConfigurationPlatforms) = postSolution
		{13BA22DF-E0F9-4ADF-8804-E0E1DD9DEC1E}.Debug|Any CPU.ActiveCfg = Debug|Any CPU
		{13BA22DF-E0F9-4ADF-8804-E0E1DD9DEC1E}.Debug|Any CPU.Build.0 = Debug|Any CPU
		{13BA22DF-E0F9-4ADF-8804-E0E1DD9DEC1E}.Release|Any CPU.ActiveCfg = Release|Any CPU
		{13BA22DF-E0F9-4ADF-8804-E0E1DD9DEC1E}.Release|Any CPU.Build.0 = Release|Any CPU
	EndGlobalSection
	GlobalSection(SolutionProperties) = preSolution
		HideSolutionNode = FALSE
	EndGlobalSection
	GlobalSection(ExtensibilityGlobals) = postSolution
		SolutionGuid = {5A65DECD-8FA2-49C3-B734-008D74D81348}
	EndGlobalSection
EndGlobal
