
Microsoft Visual Studio Solution File, Format Version 12.00
# Visual Studio Version 17
VisualStudioVersion = 17.4.33110.190
MinimumVisualStudioVersion = 10.0.40219.1
Project("{FAE04EC0-301F-11D3-BF4B-00C04F79EFBC}") = "hotelio", "hotelio.csproj", "{1E54C839-A8F6-45CD-AFA6-F0810056548C}"
EndProject
Global
	GlobalSection(SolutionConfigurationPlatforms) = preSolution
		Debug|Any CPU = Debug|Any CPU
		Release|Any CPU = Release|Any CPU
	EndGlobalSection
	GlobalSection(ProjectConfigurationPlatforms) = postSolution
		{1E54C839-A8F6-45CD-AFA6-F0810056548C}.Debug|Any CPU.ActiveCfg = Debug|Any CPU
		{1E54C839-A8F6-45CD-AFA6-F0810056548C}.Debug|Any CPU.Build.0 = Debug|Any CPU
		{1E54C839-A8F6-45CD-AFA6-F0810056548C}.Release|Any CPU.ActiveCfg = Release|Any CPU
		{1E54C839-A8F6-45CD-AFA6-F0810056548C}.Release|Any CPU.Build.0 = Release|Any CPU
	EndGlobalSection
	GlobalSection(SolutionProperties) = preSolution
		HideSolutionNode = FALSE
	EndGlobalSection
	GlobalSection(ExtensibilityGlobals) = postSolution
		SolutionGuid = {05987D02-6843-44C3-8C4E-EA3A2621EFF7}
	EndGlobalSection
EndGlobal
