
Microsoft Visual Studio Solution File, Format Version 12.00
# Visual Studio Version 17
VisualStudioVersion = 17.4.33110.190
MinimumVisualStudioVersion = 10.0.40219.1
Project("{FAE04EC0-301F-11D3-BF4B-00C04F79EFBC}") = "hotelio", "hotelio.csproj", "{4822E671-A0AA-4473-B6DD-C487A9DAFAB2}"
EndProject
Global
	GlobalSection(SolutionConfigurationPlatforms) = preSolution
		Debug|Any CPU = Debug|Any CPU
		Release|Any CPU = Release|Any CPU
	EndGlobalSection
	GlobalSection(ProjectConfigurationPlatforms) = postSolution
		{4822E671-A0AA-4473-B6DD-C487A9DAFAB2}.Debug|Any CPU.ActiveCfg = Debug|Any CPU
		{4822E671-A0AA-4473-B6DD-C487A9DAFAB2}.Debug|Any CPU.Build.0 = Debug|Any CPU
		{4822E671-A0AA-4473-B6DD-C487A9DAFAB2}.Release|Any CPU.ActiveCfg = Release|Any CPU
		{4822E671-A0AA-4473-B6DD-C487A9DAFAB2}.Release|Any CPU.Build.0 = Release|Any CPU
	EndGlobalSection
	GlobalSection(SolutionProperties) = preSolution
		HideSolutionNode = FALSE
	EndGlobalSection
	GlobalSection(ExtensibilityGlobals) = postSolution
		SolutionGuid = {435E6560-E390-4E5A-BB07-A869E48F60FD}
	EndGlobalSection
EndGlobal
